
Microsoft Visual Studio Solution File, Format Version 12.00
# Visual Studio 14
VisualStudioVersion = 14.0.23107.0
MinimumVisualStudioVersion = 10.0.40219.1
Project("{FAE04EC0-301F-11D3-BF4B-00C04F79EFBC}") = "FirstAppConsole", "FirstAppConsole.csproj", "{44A8E2AD-4DF1-4DF7-BF28-F26148E88668}"
EndProject
Project("{FAE04EC0-301F-11D3-BF4B-00C04F79EFBC}") = "GuessTheNumberBLL", "..\GuessTheNumberBLL\GuessTheNumberBLL\GuessTheNumberBLL.csproj", "{B866526F-5385-433E-9C22-F61291244F96}"
EndProject
Project("{FAE04EC0-301F-11D3-BF4B-00C04F79EFBC}") = "GuessTheNumberWPF", "..\GuessTheNumberWPF\GuessTheNumberWPF.csproj", "{7FBD99BC-4D73-4387-84ED-BA54F018678B}"
EndProject
Global
	GlobalSection(SolutionConfigurationPlatforms) = preSolution
		Debug|Any CPU = Debug|Any CPU
		Release|Any CPU = Release|Any CPU
	EndGlobalSection
	GlobalSection(ProjectConfigurationPlatforms) = postSolution
		{44A8E2AD-4DF1-4DF7-BF28-F26148E88668}.Debug|Any CPU.ActiveCfg = Debug|Any CPU
		{44A8E2AD-4DF1-4DF7-BF28-F26148E88668}.Debug|Any CPU.Build.0 = Debug|Any CPU
		{44A8E2AD-4DF1-4DF7-BF28-F26148E88668}.Release|Any CPU.ActiveCfg = Release|Any CPU
		{44A8E2AD-4DF1-4DF7-BF28-F26148E88668}.Release|Any CPU.Build.0 = Release|Any CPU
		{B866526F-5385-433E-9C22-F61291244F96}.Debug|Any CPU.ActiveCfg = Debug|Any CPU
		{B866526F-5385-433E-9C22-F61291244F96}.Debug|Any CPU.Build.0 = Debug|Any CPU
		{B866526F-5385-433E-9C22-F61291244F96}.Release|Any CPU.ActiveCfg = Release|Any CPU
		{B866526F-5385-433E-9C22-F61291244F96}.Release|Any CPU.Build.0 = Release|Any CPU
		{7FBD99BC-4D73-4387-84ED-BA54F018678B}.Debug|Any CPU.ActiveCfg = Debug|Any CPU
		{7FBD99BC-4D73-4387-84ED-BA54F018678B}.Debug|Any CPU.Build.0 = Debug|Any CPU
		{7FBD99BC-4D73-4387-84ED-BA54F018678B}.Release|Any CPU.ActiveCfg = Release|Any CPU
		{7FBD99BC-4D73-4387-84ED-BA54F018678B}.Release|Any CPU.Build.0 = Release|Any CPU
	EndGlobalSection
	GlobalSection(SolutionProperties) = preSolution
		HideSolutionNode = FALSE
	EndGlobalSection
EndGlobal
